// !$*UTF8*$!
{
	archiveVersion = 1;
	classes = {
	};
	objectVersion = 46;
	objects = {

/* Begin PBXBuildFile section */
		D835C0CA1C2CFFEA00194141 /* AppKit.framework in Frameworks */ = {isa = PBXBuildFile; fileRef = D835C0C91C2CFFEA00194141 /* AppKit.framework */; };
		D835C0CC1C2CFFEA00194141 /* Foundation.framework in Frameworks */ = {isa = PBXBuildFile; fileRef = D835C0CB1C2CFFEA00194141 /* Foundation.framework */; };
		D835C0D01C2CFFEA00194141 /* DYXPlugin.xcscheme in Resources */ = {isa = PBXBuildFile; fileRef = D835C0CF1C2CFFEA00194141 /* DYXPlugin.xcscheme */; };
		D835C0D31C2CFFEA00194141 /* DYXPlugin.m in Sources */ = {isa = PBXBuildFile; fileRef = D835C0D21C2CFFEA00194141 /* DYXPlugin.m */; };
		D835C0D61C2CFFEA00194141 /* NSObject_Extension.m in Sources */ = {isa = PBXBuildFile; fileRef = D835C0D51C2CFFEA00194141 /* NSObject_Extension.m */; };
		D87524B71D5C204300771478 /* HackerTheme.m in Sources */ = {isa = PBXBuildFile; fileRef = D87524B61D5C204300771478 /* HackerTheme.m */; settings = {COMPILER_FLAGS = "-fno-objc-arc"; }; };
/* End PBXBuildFile section */

/* Begin PBXFileReference section */
		D835C0C61C2CFFEA00194141 /* DYXPlugin.xcplugin */ = {isa = PBXFileReference; explicitFileType = wrapper.cfbundle; includeInIndex = 0; path = DYXPlugin.xcplugin; sourceTree = BUILT_PRODUCTS_DIR; };
		D835C0C91C2CFFEA00194141 /* AppKit.framework */ = {isa = PBXFileReference; lastKnownFileType = wrapper.framework; name = AppKit.framework; path = /System/Library/Frameworks/AppKit.framework; sourceTree = "<absolute>"; };
		D835C0CB1C2CFFEA00194141 /* Foundation.framework */ = {isa = PBXFileReference; lastKnownFileType = wrapper.framework; name = Foundation.framework; path = /System/Library/Frameworks/Foundation.framework; sourceTree = "<absolute>"; };
		D835C0CF1C2CFFEA00194141 /* DYXPlugin.xcscheme */ = {isa = PBXFileReference; lastKnownFileType = text.xml; name = DYXPlugin.xcscheme; path = DYXPlugin.xcodeproj/xcshareddata/xcschemes/DYXPlugin.xcscheme; sourceTree = SOURCE_ROOT; };
		D835C0D11C2CFFEA00194141 /* DYXPlugin.h */ = {isa = PBXFileReference; lastKnownFileType = sourcecode.c.h; path = DYXPlugin.h; sourceTree = "<group>"; };
		D835C0D21C2CFFEA00194141 /* DYXPlugin.m */ = {isa = PBXFileReference; lastKnownFileType = sourcecode.c.objc; path = DYXPlugin.m; sourceTree = "<group>"; };
		D835C0D41C2CFFEA00194141 /* NSObject_Extension.h */ = {isa = PBXFileReference; lastKnownFileType = sourcecode.c.h; path = NSObject_Extension.h; sourceTree = "<group>"; };
		D835C0D51C2CFFEA00194141 /* NSObject_Extension.m */ = {isa = PBXFileReference; lastKnownFileType = sourcecode.c.objc; path = NSObject_Extension.m; sourceTree = "<group>"; };
		D835C0D71C2CFFEA00194141 /* Info.plist */ = {isa = PBXFileReference; lastKnownFileType = text.plist.xml; path = Info.plist; sourceTree = "<group>"; };
		D87524B61D5C204300771478 /* HackerTheme.m */ = {isa = PBXFileReference; fileEncoding = 4; lastKnownFileType = sourcecode.c.objc; path = HackerTheme.m; sourceTree = "<group>"; xcLanguageSpecificationIdentifier = xcode.lang.objc; };
/* End PBXFileReference section */

/* Begin PBXFrameworksBuildPhase section */
		D835C0C41C2CFFEA00194141 /* Frameworks */ = {
			isa = PBXFrameworksBuildPhase;
			buildActionMask = 2147483647;
			files = (
				D835C0CA1C2CFFEA00194141 /* AppKit.framework in Frameworks */,
				D835C0CC1C2CFFEA00194141 /* Foundation.framework in Frameworks */,
			);
			runOnlyForDeploymentPostprocessing = 0;
		};
/* End PBXFrameworksBuildPhase section */

/* Begin PBXGroup section */
		D835C0BD1C2CFFEA00194141 = {
			isa = PBXGroup;
			children = (
				D835C0CD1C2CFFEA00194141 /* DYXPlugin */,
				D835C0C81C2CFFEA00194141 /* Frameworks */,
				D835C0C71C2CFFEA00194141 /* Products */,
			);
			sourceTree = "<group>";
		};
		D835C0C71C2CFFEA00194141 /* Products */ = {
			isa = PBXGroup;
			children = (
				D835C0C61C2CFFEA00194141 /* DYXPlugin.xcplugin */,
			);
			name = Products;
			sourceTree = "<group>";
		};
		D835C0C81C2CFFEA00194141 /* Frameworks */ = {
			isa = PBXGroup;
			children = (
				D835C0C91C2CFFEA00194141 /* AppKit.framework */,
				D835C0CB1C2CFFEA00194141 /* Foundation.framework */,
			);
			name = Frameworks;
			sourceTree = "<group>";
		};
		D835C0CD1C2CFFEA00194141 /* DYXPlugin */ = {
			isa = PBXGroup;
			children = (
				D835C0D11C2CFFEA00194141 /* DYXPlugin.h */,
				D835C0D21C2CFFEA00194141 /* DYXPlugin.m */,
				D835C0D41C2CFFEA00194141 /* NSObject_Extension.h */,
				D835C0D51C2CFFEA00194141 /* NSObject_Extension.m */,
				D87524B61D5C204300771478 /* HackerTheme.m */,
				D835C0D71C2CFFEA00194141 /* Info.plist */,
				D835C0CE1C2CFFEA00194141 /* Supporting Files */,
			);
			path = DYXPlugin;
			sourceTree = "<group>";
		};
		D835C0CE1C2CFFEA00194141 /* Supporting Files */ = {
			isa = PBXGroup;
			children = (
				D835C0CF1C2CFFEA00194141 /* DYXPlugin.xcscheme */,
			);
			name = "Supporting Files";
			sourceTree = "<group>";
		};
/* End PBXGroup section */

/* Begin PBXNativeTarget section */
		D835C0C51C2CFFEA00194141 /* DYXPlugin */ = {
			isa = PBXNativeTarget;
			buildConfigurationList = D835C0DA1C2CFFEA00194141 /* Build configuration list for PBXNativeTarget "DYXPlugin" */;
			buildPhases = (
				D835C0C21C2CFFEA00194141 /* Sources */,
				D835C0C31C2CFFEA00194141 /* Resources */,
				D835C0C41C2CFFEA00194141 /* Frameworks */,
			);
			buildRules = (
			);
			dependencies = (
			);
			name = DYXPlugin;
			productName = DYXPlugin;
			productReference = D835C0C61C2CFFEA00194141 /* DYXPlugin.xcplugin */;
			productType = "com.apple.product-type.bundle";
		};
/* End PBXNativeTarget section */

/* Begin PBXProject section */
		D835C0BE1C2CFFEA00194141 /* Project object */ = {
			isa = PBXProject;
			attributes = {
				LastUpgradeCheck = 0720;
				ORGANIZATIONNAME = duanqinglun;
				TargetAttributes = {
					D835C0C51C2CFFEA00194141 = {
						CreatedOnToolsVersion = 7.2;
					};
				};
			};
			buildConfigurationList = D835C0C11C2CFFEA00194141 /* Build configuration list for PBXProject "DYXPlugin" */;
			compatibilityVersion = "Xcode 3.2";
			developmentRegion = English;
			hasScannedForEncodings = 0;
			knownRegions = (
				en,
			);
			mainGroup = D835C0BD1C2CFFEA00194141;
			productRefGroup = D835C0C71C2CFFEA00194141 /* Products */;
			projectDirPath = "";
			projectRoot = "";
			targets = (
				D835C0C51C2CFFEA00194141 /* DYXPlugin */,
			);
		};
/* End PBXProject section */

/* Begin PBXResourcesBuildPhase section */
		D835C0C31C2CFFEA00194141 /* Resources */ = {
			isa = PBXResourcesBuildPhase;
			buildActionMask = 2147483647;
			files = (
				D835C0D01C2CFFEA00194141 /* DYXPlugin.xcscheme in Resources */,
			);
			runOnlyForDeploymentPostprocessing = 0;
		};
/* End PBXResourcesBuildPhase section */

/* Begin PBXSourcesBuildPhase section */
		D835C0C21C2CFFEA00194141 /* Sources */ = {
			isa = PBXSourcesBuildPhase;
			buildActionMask = 2147483647;
			files = (
				D87524B71D5C204300771478 /* HackerTheme.m in Sources */,
				D835C0D31C2CFFEA00194141 /* DYXPlugin.m in Sources */,
				D835C0D61C2CFFEA00194141 /* NSObject_Extension.m in Sources */,
			);
			runOnlyForDeploymentPostprocessing = 0;
		};
/* End PBXSourcesBuildPhase section */

/* Begin XCBuildConfiguration section */
		D835C0D81C2CFFEA00194141 /* Debug */ = {
			isa = XCBuildConfiguration;
			buildSettings = {
				ALWAYS_SEARCH_USER_PATHS = NO;
				CLANG_CXX_LANGUAGE_STANDARD = "gnu++0x";
				CLANG_CXX_LIBRARY = "libc++";
				CLANG_ENABLE_MODULES = YES;
				CLANG_ENABLE_OBJC_ARC = YES;
				CLANG_WARN_BOOL_CONVERSION = YES;
				CLANG_WARN_CONSTANT_CONVERSION = YES;
				CLANG_WARN_DIRECT_OBJC_ISA_USAGE = YES_ERROR;
				CLANG_WARN_EMPTY_BODY = YES;
				CLANG_WARN_ENUM_CONVERSION = YES;
				CLANG_WARN_INT_CONVERSION = YES;
				CLANG_WARN_OBJC_ROOT_CLASS = YES_ERROR;
				CLANG_WARN_UNREACHABLE_CODE = YES;
				CLANG_WARN__DUPLICATE_METHOD_MATCH = YES;
				COPY_PHASE_STRIP = NO;
				DEBUG_INFORMATION_FORMAT = dwarf;
				ENABLE_STRICT_OBJC_MSGSEND = YES;
				ENABLE_TESTABILITY = YES;
				GCC_C_LANGUAGE_STANDARD = gnu99;
				GCC_DYNAMIC_NO_PIC = NO;
				GCC_NO_COMMON_BLOCKS = YES;
				GCC_OPTIMIZATION_LEVEL = 0;
				GCC_PREPROCESSOR_DEFINITIONS = (
					"DEBUG=1",
					"$(inherited)",
				);
				GCC_WARN_64_TO_32_BIT_CONVERSION = YES;
				GCC_WARN_ABOUT_RETURN_TYPE = YES_ERROR;
				GCC_WARN_UNDECLARED_SELECTOR = YES;
				GCC_WARN_UNINITIALIZED_AUTOS = YES_AGGRESSIVE;
				GCC_WARN_UNUSED_FUNCTION = YES;
				GCC_WARN_UNUSED_VARIABLE = YES;
				MTL_ENABLE_DEBUG_INFO = YES;
				ONLY_ACTIVE_ARCH = YES;
			};
			name = Debug;
		};
		D835C0D91C2CFFEA00194141 /* Release */ = {
			isa = XCBuildConfiguration;
			buildSettings = {
				ALWAYS_SEARCH_USER_PATHS = NO;
				CLANG_CXX_LANGUAGE_STANDARD = "gnu++0x";
				CLANG_CXX_LIBRARY = "libc++";
				CLANG_ENABLE_MODULES = YES;
				CLANG_ENABLE_OBJC_ARC = YES;
				CLANG_WARN_BOOL_CONVERSION = YES;
				CLANG_WARN_CONSTANT_CONVERSION = YES;
				CLANG_WARN_DIRECT_OBJC_ISA_USAGE = YES_ERROR;
				CLANG_WARN_EMPTY_BODY = YES;
				CLANG_WARN_ENUM_CONVERSION = YES;
				CLANG_WARN_INT_CONVERSION = YES;
				CLANG_WARN_OBJC_ROOT_CLASS = YES_ERROR;
				CLANG_WARN_UNREACHABLE_CODE = YES;
				CLANG_WARN__DUPLICATE_METHOD_MATCH = YES;
				COPY_PHASE_STRIP = NO;
				DEBUG_INFORMATION_FORMAT = "dwarf-with-dsym";
				ENABLE_NS_ASSERTIONS = NO;
				ENABLE_STRICT_OBJC_MSGSEND = YES;
				GCC_C_LANGUAGE_STANDARD = gnu99;
				GCC_NO_COMMON_BLOCKS = YES;
				GCC_WARN_64_TO_32_BIT_CONVERSION = YES;
				GCC_WARN_ABOUT_RETURN_TYPE = YES_ERROR;
				GCC_WARN_UNDECLARED_SELECTOR = YES;
				GCC_WARN_UNINITIALIZED_AUTOS = YES_AGGRESSIVE;
				GCC_WARN_UNUSED_FUNCTION = YES;
				GCC_WARN_UNUSED_VARIABLE = YES;
				MTL_ENABLE_DEBUG_INFO = NO;
			};
			name = Release;
		};
		D835C0DB1C2CFFEA00194141 /* Debug */ = {
			isa = XCBuildConfiguration;
			buildSettings = {
				COMBINE_HIDPI_IMAGES = YES;
				DEPLOYMENT_LOCATION = YES;
				DSTROOT = "$(HOME)";
				INFOPLIST_FILE = DYXPlugin/Info.plist;
				INSTALL_PATH = "/Library/Application Support/Developer/Shared/Xcode/Plug-ins";
				MACOSX_DEPLOYMENT_TARGET = 10.11;
				OTHER_LDFLAGS = (
					"-undefined",
					dynamic_lookup,
				);
				PRODUCT_BUNDLE_IDENTIFIER = duan.DYXPlugin;
				PRODUCT_NAME = "$(TARGET_NAME)";
				WRAPPER_EXTENSION = xcplugin;
			};
			name = Debug;
		};
		D835C0DC1C2CFFEA00194141 /* Release */ = {
			isa = XCBuildConfiguration;
			buildSettings = {
				COMBINE_HIDPI_IMAGES = YES;
				DEPLOYMENT_LOCATION = YES;
				DSTROOT = "$(HOME)";
				INFOPLIST_FILE = DYXPlugin/Info.plist;
				INSTALL_PATH = "/Library/Application Support/Developer/Shared/Xcode/Plug-ins";
				MACOSX_DEPLOYMENT_TARGET = 10.11;
				OTHER_LDFLAGS = (
					"-undefined",
					dynamic_lookup,
				);
				PRODUCT_BUNDLE_IDENTIFIER = duan.DYXPlugin;
				PRODUCT_NAME = "$(TARGET_NAME)";
				WRAPPER_EXTENSION = xcplugin;
			};
			name = Release;
		};
/* End XCBuildConfiguration section */

/* Begin XCConfigurationList section */
		D835C0C11C2CFFEA00194141 /* Build configuration list for PBXProject "DYXPlugin" */ = {
			isa = XCConfigurationList;
			buildConfigurations = (
				D835C0D81C2CFFEA00194141 /* Debug */,
				D835C0D91C2CFFEA00194141 /* Release */,
			);
			defaultConfigurationIsVisible = 0;
			defaultConfigurationName = Release;
		};
		D835C0DA1C2CFFEA00194141 /* Build configuration list for PBXNativeTarget "DYXPlugin" */ = {
			isa = XCConfigurationList;
			buildConfigurations = (
				D835C0DB1C2CFFEA00194141 /* Debug */,
				D835C0DC1C2CFFEA00194141 /* Release */,
			);
			defaultConfigurationIsVisible = 0;
			defaultConfigurationName = Release;
		};
/* End XCConfigurationList section */
	};
	rootObject = D835C0BE1C2CFFEA00194141 /* Project object */;
}
